
Microsoft Visual Studio Solution File, Format Version 12.00
# Visual Studio Version 16
VisualStudioVersion = 16.0.30011.22
MinimumVisualStudioVersion = 10.0.40219.1
Project("{FAE04EC0-301F-11D3-BF4B-00C04F79EFBC}") = "findUserIP_Maxc", "findUserIP_Maxc\findUserIP_Maxc.csproj", "{661CA262-D2D8-4EE7-8D59-6B1220C923A8}"
EndProject
Global
	GlobalSection(SolutionConfigurationPlatforms) = preSolution
		Debug|Any CPU = Debug|Any CPU
		Release|Any CPU = Release|Any CPU
	EndGlobalSection
	GlobalSection(ProjectConfigurationPlatforms) = postSolution
		{661CA262-D2D8-4EE7-8D59-6B1220C923A8}.Debug|Any CPU.ActiveCfg = Debug|Any CPU
		{661CA262-D2D8-4EE7-8D59-6B1220C923A8}.Debug|Any CPU.Build.0 = Debug|Any CPU
		{661CA262-D2D8-4EE7-8D59-6B1220C923A8}.Release|Any CPU.ActiveCfg = Release|Any CPU
		{661CA262-D2D8-4EE7-8D59-6B1220C923A8}.Release|Any CPU.Build.0 = Release|Any CPU
	EndGlobalSection
	GlobalSection(SolutionProperties) = preSolution
		HideSolutionNode = FALSE
	EndGlobalSection
	GlobalSection(ExtensibilityGlobals) = postSolution
		SolutionGuid = {CFA890BA-30AC-4B97-9EA2-CF40FE1BAAC3}
	EndGlobalSection
EndGlobal
